
Microsoft Visual Studio Solution File, Format Version 12.00
# Visual Studio Version 16
VisualStudioVersion = 16.0.30413.136
MinimumVisualStudioVersion = 15.0.26124.0
Project("{2150E333-8FDC-42A3-9474-1A3956D46DE8}") = "Services", "Services", "{431B9CFF-3524-4D99-B7E9-3D3094D5E01D}"
EndProject
Project("{2150E333-8FDC-42A3-9474-1A3956D46DE8}") = "TravelAgency", "TravelAgency", "{FA151E46-9FBE-4C7F-880A-DBE25DB6411C}"
EndProject
Project("{9A19103F-16F7-4668-BE54-9A1E7A4F7556}") = "TravelAgency.API", "Services\TravelAgency\TravelAgency.API\TravelAgency.API.csproj", "{0F1AF14D-F645-4FC5-963F-AABA260869B9}"
EndProject
Project("{9A19103F-16F7-4668-BE54-9A1E7A4F7556}") = "TravelAgency.Contracts", "Services\TravelAgency\TravelAgency.Contracts\TravelAgency.Contracts.csproj", "{86F6E707-3BD0-4CEE-8BA7-B775DF8CE83F}"
EndProject
Project("{9A19103F-16F7-4668-BE54-9A1E7A4F7556}") = "TravelAgency.Components", "Services\TravelAgency\TravelAgency.Components\TravelAgency.Components.csproj", "{4F929E14-6D7A-4BB1-8F96-0EA7EA297E8F}"
EndProject
Project("{2150E333-8FDC-42A3-9474-1A3956D46DE8}") = "CarRental", "CarRental", "{9066A635-B00E-437E-A11B-3EFCFF27FBBC}"
EndProject
Project("{9A19103F-16F7-4668-BE54-9A1E7A4F7556}") = "CarRental.API", "Services\CarRental\CarRental.API\CarRental.API.csproj", "{FEE482AE-E64B-4949-94B1-972B5F1161FB}"
EndProject
Project("{9A19103F-16F7-4668-BE54-9A1E7A4F7556}") = "CarRental.Components", "Services\CarRental\CarRental.Components\CarRental.Components.csproj", "{9539DCDB-49C6-47EC-A4EE-038A6457298E}"
EndProject
Project("{2150E333-8FDC-42A3-9474-1A3956D46DE8}") = "Shared", "Shared", "{D83E3F85-CEAC-4097-AF42-0D49E8162372}"
EndProject
Project("{9A19103F-16F7-4668-BE54-9A1E7A4F7556}") = "Shared.Contracts", "Shared\Shared.Contracts\Shared.Contracts.csproj", "{FC84254E-09B8-4C38-A529-8238FDEE03C5}"
EndProject
Project("{2150E333-8FDC-42A3-9474-1A3956D46DE8}") = "HotelBooking", "HotelBooking", "{5B1EE09D-440F-4F82-9C3B-B75B391A3E6A}"
EndProject
Project("{2150E333-8FDC-42A3-9474-1A3956D46DE8}") = "FlightBooking", "FlightBooking", "{70ADEF53-A75F-4853-895C-F60A280EDF3F}"
EndProject
Project("{9A19103F-16F7-4668-BE54-9A1E7A4F7556}") = "FlightBooking.API", "Services\FlightBooking\FlightBooking.API\FlightBooking.API.csproj", "{0AA5C6D8-AFEB-4522-BC4D-EFA4B23067F2}"
EndProject
Project("{9A19103F-16F7-4668-BE54-9A1E7A4F7556}") = "FlightBooking.Components", "Services\FlightBooking\FlightBooking.Components\FlightBooking.Components.csproj", "{9C9A38B5-E527-4026-88EE-76D934ECDF6E}"
EndProject
Project("{9A19103F-16F7-4668-BE54-9A1E7A4F7556}") = "TravelAgency.Models", "Services\TravelAgency\TravelAgency.Models\TravelAgency.Models.csproj", "{F75871DA-AF3E-4610-9AF9-5CBC1E5E8FCB}"
EndProject
Project("{9A19103F-16F7-4668-BE54-9A1E7A4F7556}") = "HotelBooking.API", "Services\HotelBooking\HotelBooking.API\HotelBooking.API.csproj", "{2911BCF1-89B2-4712-B54B-69186BF25637}"
EndProject
Project("{9A19103F-16F7-4668-BE54-9A1E7A4F7556}") = "HotelBooking.Components", "Services\HotelBooking\HotelBooking.Components\HotelBooking.Components.csproj", "{1109CFF8-9F43-45A4-AAE6-C158651A05F8}"
EndProject
Global
	GlobalSection(SolutionConfigurationPlatforms) = preSolution
		Debug|Any CPU = Debug|Any CPU
		Release|Any CPU = Release|Any CPU
	EndGlobalSection
	GlobalSection(ProjectConfigurationPlatforms) = postSolution
		{0F1AF14D-F645-4FC5-963F-AABA260869B9}.Debug|Any CPU.ActiveCfg = Debug|Any CPU
		{0F1AF14D-F645-4FC5-963F-AABA260869B9}.Debug|Any CPU.Build.0 = Debug|Any CPU
		{0F1AF14D-F645-4FC5-963F-AABA260869B9}.Release|Any CPU.ActiveCfg = Release|Any CPU
		{0F1AF14D-F645-4FC5-963F-AABA260869B9}.Release|Any CPU.Build.0 = Release|Any CPU
		{86F6E707-3BD0-4CEE-8BA7-B775DF8CE83F}.Debug|Any CPU.ActiveCfg = Debug|Any CPU
		{86F6E707-3BD0-4CEE-8BA7-B775DF8CE83F}.Debug|Any CPU.Build.0 = Debug|Any CPU
		{86F6E707-3BD0-4CEE-8BA7-B775DF8CE83F}.Release|Any CPU.ActiveCfg = Release|Any CPU
		{86F6E707-3BD0-4CEE-8BA7-B775DF8CE83F}.Release|Any CPU.Build.0 = Release|Any CPU
		{4F929E14-6D7A-4BB1-8F96-0EA7EA297E8F}.Debug|Any CPU.ActiveCfg = Debug|Any CPU
		{4F929E14-6D7A-4BB1-8F96-0EA7EA297E8F}.Debug|Any CPU.Build.0 = Debug|Any CPU
		{4F929E14-6D7A-4BB1-8F96-0EA7EA297E8F}.Release|Any CPU.ActiveCfg = Release|Any CPU
		{4F929E14-6D7A-4BB1-8F96-0EA7EA297E8F}.Release|Any CPU.Build.0 = Release|Any CPU
		{FEE482AE-E64B-4949-94B1-972B5F1161FB}.Debug|Any CPU.ActiveCfg = Debug|Any CPU
		{FEE482AE-E64B-4949-94B1-972B5F1161FB}.Debug|Any CPU.Build.0 = Debug|Any CPU
		{FEE482AE-E64B-4949-94B1-972B5F1161FB}.Release|Any CPU.ActiveCfg = Release|Any CPU
		{FEE482AE-E64B-4949-94B1-972B5F1161FB}.Release|Any CPU.Build.0 = Release|Any CPU
		{9539DCDB-49C6-47EC-A4EE-038A6457298E}.Debug|Any CPU.ActiveCfg = Debug|Any CPU
		{9539DCDB-49C6-47EC-A4EE-038A6457298E}.Debug|Any CPU.Build.0 = Debug|Any CPU
		{9539DCDB-49C6-47EC-A4EE-038A6457298E}.Release|Any CPU.ActiveCfg = Release|Any CPU
		{9539DCDB-49C6-47EC-A4EE-038A6457298E}.Release|Any CPU.Build.0 = Release|Any CPU
		{FC84254E-09B8-4C38-A529-8238FDEE03C5}.Debug|Any CPU.ActiveCfg = Debug|Any CPU
		{FC84254E-09B8-4C38-A529-8238FDEE03C5}.Debug|Any CPU.Build.0 = Debug|Any CPU
		{FC84254E-09B8-4C38-A529-8238FDEE03C5}.Release|Any CPU.ActiveCfg = Release|Any CPU
		{FC84254E-09B8-4C38-A529-8238FDEE03C5}.Release|Any CPU.Build.0 = Release|Any CPU
		{0AA5C6D8-AFEB-4522-BC4D-EFA4B23067F2}.Debug|Any CPU.ActiveCfg = Debug|Any CPU
		{0AA5C6D8-AFEB-4522-BC4D-EFA4B23067F2}.Debug|Any CPU.Build.0 = Debug|Any CPU
		{0AA5C6D8-AFEB-4522-BC4D-EFA4B23067F2}.Release|Any CPU.ActiveCfg = Release|Any CPU
		{0AA5C6D8-AFEB-4522-BC4D-EFA4B23067F2}.Release|Any CPU.Build.0 = Release|Any CPU
		{9C9A38B5-E527-4026-88EE-76D934ECDF6E}.Debug|Any CPU.ActiveCfg = Debug|Any CPU
		{9C9A38B5-E527-4026-88EE-76D934ECDF6E}.Debug|Any CPU.Build.0 = Debug|Any CPU
		{9C9A38B5-E527-4026-88EE-76D934ECDF6E}.Release|Any CPU.ActiveCfg = Release|Any CPU
		{9C9A38B5-E527-4026-88EE-76D934ECDF6E}.Release|Any CPU.Build.0 = Release|Any CPU
		{F75871DA-AF3E-4610-9AF9-5CBC1E5E8FCB}.Debug|Any CPU.ActiveCfg = Debug|Any CPU
		{F75871DA-AF3E-4610-9AF9-5CBC1E5E8FCB}.Debug|Any CPU.Build.0 = Debug|Any CPU
		{F75871DA-AF3E-4610-9AF9-5CBC1E5E8FCB}.Release|Any CPU.ActiveCfg = Release|Any CPU
		{F75871DA-AF3E-4610-9AF9-5CBC1E5E8FCB}.Release|Any CPU.Build.0 = Release|Any CPU
		{2911BCF1-89B2-4712-B54B-69186BF25637}.Debug|Any CPU.ActiveCfg = Debug|Any CPU
		{2911BCF1-89B2-4712-B54B-69186BF25637}.Debug|Any CPU.Build.0 = Debug|Any CPU
		{2911BCF1-89B2-4712-B54B-69186BF25637}.Release|Any CPU.ActiveCfg = Release|Any CPU
		{2911BCF1-89B2-4712-B54B-69186BF25637}.Release|Any CPU.Build.0 = Release|Any CPU
		{1109CFF8-9F43-45A4-AAE6-C158651A05F8}.Debug|Any CPU.ActiveCfg = Debug|Any CPU
		{1109CFF8-9F43-45A4-AAE6-C158651A05F8}.Debug|Any CPU.Build.0 = Debug|Any CPU
		{1109CFF8-9F43-45A4-AAE6-C158651A05F8}.Release|Any CPU.ActiveCfg = Release|Any CPU
		{1109CFF8-9F43-45A4-AAE6-C158651A05F8}.Release|Any CPU.Build.0 = Release|Any CPU
	EndGlobalSection
	GlobalSection(SolutionProperties) = preSolution
		HideSolutionNode = FALSE
	EndGlobalSection
	GlobalSection(NestedProjects) = preSolution
		{FA151E46-9FBE-4C7F-880A-DBE25DB6411C} = {431B9CFF-3524-4D99-B7E9-3D3094D5E01D}
		{0F1AF14D-F645-4FC5-963F-AABA260869B9} = {FA151E46-9FBE-4C7F-880A-DBE25DB6411C}
		{86F6E707-3BD0-4CEE-8BA7-B775DF8CE83F} = {FA151E46-9FBE-4C7F-880A-DBE25DB6411C}
		{4F929E14-6D7A-4BB1-8F96-0EA7EA297E8F} = {FA151E46-9FBE-4C7F-880A-DBE25DB6411C}
		{9066A635-B00E-437E-A11B-3EFCFF27FBBC} = {431B9CFF-3524-4D99-B7E9-3D3094D5E01D}
		{FEE482AE-E64B-4949-94B1-972B5F1161FB} = {9066A635-B00E-437E-A11B-3EFCFF27FBBC}
		{9539DCDB-49C6-47EC-A4EE-038A6457298E} = {9066A635-B00E-437E-A11B-3EFCFF27FBBC}
		{FC84254E-09B8-4C38-A529-8238FDEE03C5} = {D83E3F85-CEAC-4097-AF42-0D49E8162372}
		{5B1EE09D-440F-4F82-9C3B-B75B391A3E6A} = {431B9CFF-3524-4D99-B7E9-3D3094D5E01D}
		{70ADEF53-A75F-4853-895C-F60A280EDF3F} = {431B9CFF-3524-4D99-B7E9-3D3094D5E01D}
		{0AA5C6D8-AFEB-4522-BC4D-EFA4B23067F2} = {70ADEF53-A75F-4853-895C-F60A280EDF3F}
		{9C9A38B5-E527-4026-88EE-76D934ECDF6E} = {70ADEF53-A75F-4853-895C-F60A280EDF3F}
		{F75871DA-AF3E-4610-9AF9-5CBC1E5E8FCB} = {FA151E46-9FBE-4C7F-880A-DBE25DB6411C}
		{2911BCF1-89B2-4712-B54B-69186BF25637} = {5B1EE09D-440F-4F82-9C3B-B75B391A3E6A}
		{1109CFF8-9F43-45A4-AAE6-C158651A05F8} = {5B1EE09D-440F-4F82-9C3B-B75B391A3E6A}
	EndGlobalSection
	GlobalSection(ExtensibilityGlobals) = postSolution
		SolutionGuid = {1505742A-D1D3-49C9-BB45-F3BC7ED2C2A4}
	EndGlobalSection
EndGlobal
